// !$*UTF8*$!
{
	archiveVersion = 1;
	classes = {
	};
	objectVersion = 46;
	objects = {

/* Begin PBXBuildFile section */
		6F72B0DC1B6A8EBA0068287A /* AppDelegate.swift in Sources */ = {isa = PBXBuildFile; fileRef = 6F72B0DB1B6A8EBA0068287A /* AppDelegate.swift */; };
		6F72B0DE1B6A8EBA0068287A /* ViewController.swift in Sources */ = {isa = PBXBuildFile; fileRef = 6F72B0DD1B6A8EBA0068287A /* ViewController.swift */; };
		6F72B0E11B6A8EBA0068287A /* Main.storyboard in Resources */ = {isa = PBXBuildFile; fileRef = 6F72B0DF1B6A8EBA0068287A /* Main.storyboard */; };
		6F72B0E31B6A8EBA0068287A /* Images.xcassets in Resources */ = {isa = PBXBuildFile; fileRef = 6F72B0E21B6A8EBA0068287A /* Images.xcassets */; };
		6F72B0E61B6A8EBA0068287A /* LaunchScreen.xib in Resources */ = {isa = PBXBuildFile; fileRef = 6F72B0E41B6A8EBA0068287A /* LaunchScreen.xib */; };
		6F9AA8E91DF63B47009BAD95 /* aes.js in Resources */ = {isa = PBXBuildFile; fileRef = 6F9AA8D61DF63B47009BAD95 /* aes.js */; };
		6F9AA8EA1DF63B47009BAD95 /* md5.js in Resources */ = {isa = PBXBuildFile; fileRef = 6F9AA8D71DF63B47009BAD95 /* md5.js */; };
		6F9AA8EB1DF63B47009BAD95 /* mode-cfb.js in Resources */ = {isa = PBXBuildFile; fileRef = 6F9AA8D81DF63B47009BAD95 /* mode-cfb.js */; };
		6F9AA8EC1DF63B47009BAD95 /* mode-ctr.js in Resources */ = {isa = PBXBuildFile; fileRef = 6F9AA8D91DF63B47009BAD95 /* mode-ctr.js */; };
		6F9AA8ED1DF63B47009BAD95 /* mode-ecb.js in Resources */ = {isa = PBXBuildFile; fileRef = 6F9AA8DA1DF63B47009BAD95 /* mode-ecb.js */; };
		6F9AA8EE1DF63B47009BAD95 /* mode-ofb.js in Resources */ = {isa = PBXBuildFile; fileRef = 6F9AA8DB1DF63B47009BAD95 /* mode-ofb.js */; };
		6F9AA8EF1DF63B47009BAD95 /* pad-ansix923.js in Resources */ = {isa = PBXBuildFile; fileRef = 6F9AA8DC1DF63B47009BAD95 /* pad-ansix923.js */; };
		6F9AA8F01DF63B47009BAD95 /* pad-iso10126.js in Resources */ = {isa = PBXBuildFile; fileRef = 6F9AA8DD1DF63B47009BAD95 /* pad-iso10126.js */; };
		6F9AA8F11DF63B47009BAD95 /* pad-iso97971.js in Resources */ = {isa = PBXBuildFile; fileRef = 6F9AA8DE1DF63B47009BAD95 /* pad-iso97971.js */; };
		6F9AA8F21DF63B47009BAD95 /* pad-nopadding.js in Resources */ = {isa = PBXBuildFile; fileRef = 6F9AA8DF1DF63B47009BAD95 /* pad-nopadding.js */; };
		6F9AA8F31DF63B47009BAD95 /* pad-zeropadding.js in Resources */ = {isa = PBXBuildFile; fileRef = 6F9AA8E01DF63B47009BAD95 /* pad-zeropadding.js */; };
		6F9AA8F41DF63B47009BAD95 /* ripemd160.js in Resources */ = {isa = PBXBuildFile; fileRef = 6F9AA8E11DF63B47009BAD95 /* ripemd160.js */; };
		6F9AA8F51DF63B47009BAD95 /* sha1.js in Resources */ = {isa = PBXBuildFile; fileRef = 6F9AA8E21DF63B47009BAD95 /* sha1.js */; };
		6F9AA8F61DF63B47009BAD95 /* sha3.js in Resources */ = {isa = PBXBuildFile; fileRef = 6F9AA8E31DF63B47009BAD95 /* sha3.js */; };
		6F9AA8F71DF63B47009BAD95 /* sha224.js in Resources */ = {isa = PBXBuildFile; fileRef = 6F9AA8E41DF63B47009BAD95 /* sha224.js */; };
		6F9AA8F81DF63B47009BAD95 /* sha256.js in Resources */ = {isa = PBXBuildFile; fileRef = 6F9AA8E51DF63B47009BAD95 /* sha256.js */; };
		6F9AA8F91DF63B47009BAD95 /* sha384.js in Resources */ = {isa = PBXBuildFile; fileRef = 6F9AA8E61DF63B47009BAD95 /* sha384.js */; };
		6F9AA8FA1DF63B47009BAD95 /* sha512.js in Resources */ = {isa = PBXBuildFile; fileRef = 6F9AA8E71DF63B47009BAD95 /* sha512.js */; };
		6F9AA8FB1DF63B47009BAD95 /* tripledes.js in Resources */ = {isa = PBXBuildFile; fileRef = 6F9AA8E81DF63B47009BAD95 /* tripledes.js */; };
		6F9AA8FD1DF63F80009BAD95 /* sampleFile.jpg in Resources */ = {isa = PBXBuildFile; fileRef = 6F9AA8FC1DF63F80009BAD95 /* sampleFile.jpg */; };
		6FC3C94B1B8C2EC500F4956D /* CryptoJS.swift in Sources */ = {isa = PBXBuildFile; fileRef = 6FC3C94A1B8C2EC500F4956D /* CryptoJS.swift */; };
/* End PBXBuildFile section */

/* Begin PBXFileReference section */
		6F72B0D61B6A8EBA0068287A /* Crypto JS.app */ = {isa = PBXFileReference; explicitFileType = wrapper.application; includeInIndex = 0; path = "Crypto JS.app"; sourceTree = BUILT_PRODUCTS_DIR; };
		6F72B0DA1B6A8EBA0068287A /* Info.plist */ = {isa = PBXFileReference; lastKnownFileType = text.plist.xml; path = Info.plist; sourceTree = "<group>"; };
		6F72B0DB1B6A8EBA0068287A /* AppDelegate.swift */ = {isa = PBXFileReference; lastKnownFileType = sourcecode.swift; path = AppDelegate.swift; sourceTree = "<group>"; };
		6F72B0DD1B6A8EBA0068287A /* ViewController.swift */ = {isa = PBXFileReference; lastKnownFileType = sourcecode.swift; path = ViewController.swift; sourceTree = "<group>"; };
		6F72B0E01B6A8EBA0068287A /* Base */ = {isa = PBXFileReference; lastKnownFileType = file.storyboard; name = Base; path = Base.lproj/Main.storyboard; sourceTree = "<group>"; };
		6F72B0E21B6A8EBA0068287A /* Images.xcassets */ = {isa = PBXFileReference; lastKnownFileType = folder.assetcatalog; path = Images.xcassets; sourceTree = "<group>"; };
		6F72B0E51B6A8EBA0068287A /* Base */ = {isa = PBXFileReference; lastKnownFileType = file.xib; name = Base; path = Base.lproj/LaunchScreen.xib; sourceTree = "<group>"; };
		6F9AA8D61DF63B47009BAD95 /* aes.js */ = {isa = PBXFileReference; fileEncoding = 4; lastKnownFileType = sourcecode.javascript; name = aes.js; path = components/aes.js; sourceTree = "<group>"; };
		6F9AA8D71DF63B47009BAD95 /* md5.js */ = {isa = PBXFileReference; fileEncoding = 4; lastKnownFileType = sourcecode.javascript; name = md5.js; path = components/md5.js; sourceTree = "<group>"; };
		6F9AA8D81DF63B47009BAD95 /* mode-cfb.js */ = {isa = PBXFileReference; fileEncoding = 4; lastKnownFileType = sourcecode.javascript; name = "mode-cfb.js"; path = "components/mode-cfb.js"; sourceTree = "<group>"; };
		6F9AA8D91DF63B47009BAD95 /* mode-ctr.js */ = {isa = PBXFileReference; fileEncoding = 4; lastKnownFileType = sourcecode.javascript; name = "mode-ctr.js"; path = "components/mode-ctr.js"; sourceTree = "<group>"; };
		6F9AA8DA1DF63B47009BAD95 /* mode-ecb.js */ = {isa = PBXFileReference; fileEncoding = 4; lastKnownFileType = sourcecode.javascript; name = "mode-ecb.js"; path = "components/mode-ecb.js"; sourceTree = "<group>"; };
		6F9AA8DB1DF63B47009BAD95 /* mode-ofb.js */ = {isa = PBXFileReference; fileEncoding = 4; lastKnownFileType = sourcecode.javascript; name = "mode-ofb.js"; path = "components/mode-ofb.js"; sourceTree = "<group>"; };
		6F9AA8DC1DF63B47009BAD95 /* pad-ansix923.js */ = {isa = PBXFileReference; fileEncoding = 4; lastKnownFileType = sourcecode.javascript; name = "pad-ansix923.js"; path = "components/pad-ansix923.js"; sourceTree = "<group>"; };
		6F9AA8DD1DF63B47009BAD95 /* pad-iso10126.js */ = {isa = PBXFileReference; fileEncoding = 4; lastKnownFileType = sourcecode.javascript; name = "pad-iso10126.js"; path = "components/pad-iso10126.js"; sourceTree = "<group>"; };
		6F9AA8DE1DF63B47009BAD95 /* pad-iso97971.js */ = {isa = PBXFileReference; fileEncoding = 4; lastKnownFileType = sourcecode.javascript; name = "pad-iso97971.js"; path = "components/pad-iso97971.js"; sourceTree = "<group>"; };
		6F9AA8DF1DF63B47009BAD95 /* pad-nopadding.js */ = {isa = PBXFileReference; fileEncoding = 4; lastKnownFileType = sourcecode.javascript; name = "pad-nopadding.js"; path = "components/pad-nopadding.js"; sourceTree = "<group>"; };
		6F9AA8E01DF63B47009BAD95 /* pad-zeropadding.js */ = {isa = PBXFileReference; fileEncoding = 4; lastKnownFileType = sourcecode.javascript; name = "pad-zeropadding.js"; path = "components/pad-zeropadding.js"; sourceTree = "<group>"; };
		6F9AA8E11DF63B47009BAD95 /* ripemd160.js */ = {isa = PBXFileReference; fileEncoding = 4; lastKnownFileType = sourcecode.javascript; name = ripemd160.js; path = components/ripemd160.js; sourceTree = "<group>"; };
		6F9AA8E21DF63B47009BAD95 /* sha1.js */ = {isa = PBXFileReference; fileEncoding = 4; lastKnownFileType = sourcecode.javascript; name = sha1.js; path = components/sha1.js; sourceTree = "<group>"; };
		6F9AA8E31DF63B47009BAD95 /* sha3.js */ = {isa = PBXFileReference; fileEncoding = 4; lastKnownFileType = sourcecode.javascript; name = sha3.js; path = components/sha3.js; sourceTree = "<group>"; };
		6F9AA8E41DF63B47009BAD95 /* sha224.js */ = {isa = PBXFileReference; fileEncoding = 4; lastKnownFileType = sourcecode.javascript; name = sha224.js; path = components/sha224.js; sourceTree = "<group>"; };
		6F9AA8E51DF63B47009BAD95 /* sha256.js */ = {isa = PBXFileReference; fileEncoding = 4; lastKnownFileType = sourcecode.javascript; name = sha256.js; path = components/sha256.js; sourceTree = "<group>"; };
		6F9AA8E61DF63B47009BAD95 /* sha384.js */ = {isa = PBXFileReference; fileEncoding = 4; lastKnownFileType = sourcecode.javascript; name = sha384.js; path = components/sha384.js; sourceTree = "<group>"; };
		6F9AA8E71DF63B47009BAD95 /* sha512.js */ = {isa = PBXFileReference; fileEncoding = 4; lastKnownFileType = sourcecode.javascript; name = sha512.js; path = components/sha512.js; sourceTree = "<group>"; };
		6F9AA8E81DF63B47009BAD95 /* tripledes.js */ = {isa = PBXFileReference; fileEncoding = 4; lastKnownFileType = sourcecode.javascript; name = tripledes.js; path = components/tripledes.js; sourceTree = "<group>"; };
		6F9AA8FC1DF63F80009BAD95 /* sampleFile.jpg */ = {isa = PBXFileReference; lastKnownFileType = image.jpeg; path = sampleFile.jpg; sourceTree = "<group>"; };
		6FC3C94A1B8C2EC500F4956D /* CryptoJS.swift */ = {isa = PBXFileReference; fileEncoding = 4; lastKnownFileType = sourcecode.swift; path = CryptoJS.swift; sourceTree = "<group>"; };
/* End PBXFileReference section */

/* Begin PBXFrameworksBuildPhase section */
		6F72B0D31B6A8EBA0068287A /* Frameworks */ = {
			isa = PBXFrameworksBuildPhase;
			buildActionMask = 2147483647;
			files = (
			);
			runOnlyForDeploymentPostprocessing = 0;
		};
/* End PBXFrameworksBuildPhase section */

/* Begin PBXGroup section */
		6F72B0CD1B6A8EBA0068287A = {
			isa = PBXGroup;
			children = (
				6F72B0D81B6A8EBA0068287A /* Crypto JS */,
				6F72B0D71B6A8EBA0068287A /* Products */,
			);
			sourceTree = "<group>";
		};
		6F72B0D71B6A8EBA0068287A /* Products */ = {
			isa = PBXGroup;
			children = (
				6F72B0D61B6A8EBA0068287A /* Crypto JS.app */,
			);
			name = Products;
			sourceTree = "<group>";
		};
		6F72B0D81B6A8EBA0068287A /* Crypto JS */ = {
			isa = PBXGroup;
			children = (
				6F9AA8FC1DF63F80009BAD95 /* sampleFile.jpg */,
				6FFD1EA61B8D699100258DE7 /* components */,
				6F72B0DB1B6A8EBA0068287A /* AppDelegate.swift */,
				6F72B0DD1B6A8EBA0068287A /* ViewController.swift */,
				6FC3C94A1B8C2EC500F4956D /* CryptoJS.swift */,
				6F72B0DF1B6A8EBA0068287A /* Main.storyboard */,
				6F72B0E21B6A8EBA0068287A /* Images.xcassets */,
				6F72B0E41B6A8EBA0068287A /* LaunchScreen.xib */,
				6F72B0D91B6A8EBA0068287A /* Supporting Files */,
			);
			path = "Crypto JS";
			sourceTree = "<group>";
		};
		6F72B0D91B6A8EBA0068287A /* Supporting Files */ = {
			isa = PBXGroup;
			children = (
				6F72B0DA1B6A8EBA0068287A /* Info.plist */,
			);
			name = "Supporting Files";
			sourceTree = "<group>";
		};
		6FFD1EA61B8D699100258DE7 /* components */ = {
			isa = PBXGroup;
			children = (
				6F9AA8D61DF63B47009BAD95 /* aes.js */,
				6F9AA8D71DF63B47009BAD95 /* md5.js */,
				6F9AA8D81DF63B47009BAD95 /* mode-cfb.js */,
				6F9AA8D91DF63B47009BAD95 /* mode-ctr.js */,
				6F9AA8DA1DF63B47009BAD95 /* mode-ecb.js */,
				6F9AA8DB1DF63B47009BAD95 /* mode-ofb.js */,
				6F9AA8DC1DF63B47009BAD95 /* pad-ansix923.js */,
				6F9AA8DD1DF63B47009BAD95 /* pad-iso10126.js */,
				6F9AA8DE1DF63B47009BAD95 /* pad-iso97971.js */,
				6F9AA8DF1DF63B47009BAD95 /* pad-nopadding.js */,
				6F9AA8E01DF63B47009BAD95 /* pad-zeropadding.js */,
				6F9AA8E11DF63B47009BAD95 /* ripemd160.js */,
				6F9AA8E21DF63B47009BAD95 /* sha1.js */,
				6F9AA8E31DF63B47009BAD95 /* sha3.js */,
				6F9AA8E41DF63B47009BAD95 /* sha224.js */,
				6F9AA8E51DF63B47009BAD95 /* sha256.js */,
				6F9AA8E61DF63B47009BAD95 /* sha384.js */,
				6F9AA8E71DF63B47009BAD95 /* sha512.js */,
				6F9AA8E81DF63B47009BAD95 /* tripledes.js */,
			);
			name = components;
			sourceTree = "<group>";
		};
/* End PBXGroup section */

/* Begin PBXNativeTarget section */
		6F72B0D51B6A8EBA0068287A /* Crypto JS */ = {
			isa = PBXNativeTarget;
			buildConfigurationList = 6F72B0F51B6A8EBA0068287A /* Build configuration list for PBXNativeTarget "Crypto JS" */;
			buildPhases = (
				6F72B0D21B6A8EBA0068287A /* Sources */,
				6F72B0D31B6A8EBA0068287A /* Frameworks */,
				6F72B0D41B6A8EBA0068287A /* Resources */,
			);
			buildRules = (
			);
			dependencies = (
			);
			name = "Crypto JS";
			productName = "Crypto JS";
			productReference = 6F72B0D61B6A8EBA0068287A /* Crypto JS.app */;
			productType = "com.apple.product-type.application";
		};
/* End PBXNativeTarget section */

/* Begin PBXProject section */
		6F72B0CE1B6A8EBA0068287A /* Project object */ = {
			isa = PBXProject;
			attributes = {
				LastSwiftMigration = 0700;
				LastSwiftUpdateCheck = 0700;
				LastUpgradeCheck = 0810;
				ORGANIZATIONNAME = Emartin;
				TargetAttributes = {
					6F72B0D51B6A8EBA0068287A = {
						CreatedOnToolsVersion = 6.4;
						LastSwiftMigration = 0810;
					};
				};
			};
			buildConfigurationList = 6F72B0D11B6A8EBA0068287A /* Build configuration list for PBXProject "Crypto JS" */;
			compatibilityVersion = "Xcode 3.2";
			developmentRegion = English;
			hasScannedForEncodings = 0;
			knownRegions = (
				en,
				Base,
			);
			mainGroup = 6F72B0CD1B6A8EBA0068287A;
			productRefGroup = 6F72B0D71B6A8EBA0068287A /* Products */;
			projectDirPath = "";
			projectRoot = "";
			targets = (
				6F72B0D51B6A8EBA0068287A /* Crypto JS */,
			);
		};
/* End PBXProject section */

/* Begin PBXResourcesBuildPhase section */
		6F72B0D41B6A8EBA0068287A /* Resources */ = {
			isa = PBXResourcesBuildPhase;
			buildActionMask = 2147483647;
			files = (
				6F9AA8F31DF63B47009BAD95 /* pad-zeropadding.js in Resources */,
				6F9AA8FA1DF63B47009BAD95 /* sha512.js in Resources */,
				6F9AA8EA1DF63B47009BAD95 /* md5.js in Resources */,
				6F72B0E11B6A8EBA0068287A /* Main.storyboard in Resources */,
				6F9AA8F21DF63B47009BAD95 /* pad-nopadding.js in Resources */,
				6F9AA8F41DF63B47009BAD95 /* ripemd160.js in Resources */,
				6F9AA8ED1DF63B47009BAD95 /* mode-ecb.js in Resources */,
				6F9AA8F81DF63B47009BAD95 /* sha256.js in Resources */,
				6F72B0E61B6A8EBA0068287A /* LaunchScreen.xib in Resources */,
				6F9AA8EB1DF63B47009BAD95 /* mode-cfb.js in Resources */,
				6F9AA8E91DF63B47009BAD95 /* aes.js in Resources */,
				6F9AA8EE1DF63B47009BAD95 /* mode-ofb.js in Resources */,
				6F9AA8F91DF63B47009BAD95 /* sha384.js in Resources */,
				6F9AA8F71DF63B47009BAD95 /* sha224.js in Resources */,
				6F9AA8F01DF63B47009BAD95 /* pad-iso10126.js in Resources */,
				6F9AA8F11DF63B47009BAD95 /* pad-iso97971.js in Resources */,
				6F9AA8F61DF63B47009BAD95 /* sha3.js in Resources */,
				6F9AA8FD1DF63F80009BAD95 /* sampleFile.jpg in Resources */,
				6F9AA8EF1DF63B47009BAD95 /* pad-ansix923.js in Resources */,
				6F72B0E31B6A8EBA0068287A /* Images.xcassets in Resources */,
				6F9AA8EC1DF63B47009BAD95 /* mode-ctr.js in Resources */,
				6F9AA8F51DF63B47009BAD95 /* sha1.js in Resources */,
				6F9AA8FB1DF63B47009BAD95 /* tripledes.js in Resources */,
			);
			runOnlyForDeploymentPostprocessing = 0;
		};
/* End PBXResourcesBuildPhase section */

/* Begin PBXSourcesBuildPhase section */
		6F72B0D21B6A8EBA0068287A /* Sources */ = {
			isa = PBXSourcesBuildPhase;
			buildActionMask = 2147483647;
			files = (
				6F72B0DE1B6A8EBA0068287A /* ViewController.swift in Sources */,
				6FC3C94B1B8C2EC500F4956D /* CryptoJS.swift in Sources */,
				6F72B0DC1B6A8EBA0068287A /* AppDelegate.swift in Sources */,
			);
			runOnlyForDeploymentPostprocessing = 0;
		};
/* End PBXSourcesBuildPhase section */

/* Begin PBXVariantGroup section */
		6F72B0DF1B6A8EBA0068287A /* Main.storyboard */ = {
			isa = PBXVariantGroup;
			children = (
				6F72B0E01B6A8EBA0068287A /* Base */,
			);
			name = Main.storyboard;
			sourceTree = "<group>";
		};
		6F72B0E41B6A8EBA0068287A /* LaunchScreen.xib */ = {
			isa = PBXVariantGroup;
			children = (
				6F72B0E51B6A8EBA0068287A /* Base */,
			);
			name = LaunchScreen.xib;
			sourceTree = "<group>";
		};
/* End PBXVariantGroup section */

/* Begin XCBuildConfiguration section */
		6F72B0F31B6A8EBA0068287A /* Debug */ = {
			isa = XCBuildConfiguration;
			buildSettings = {
				ALWAYS_SEARCH_USER_PATHS = NO;
				CLANG_CXX_LANGUAGE_STANDARD = "gnu++0x";
				CLANG_CXX_LIBRARY = "libc++";
				CLANG_ENABLE_MODULES = YES;
				CLANG_ENABLE_OBJC_ARC = YES;
				CLANG_WARN_BOOL_CONVERSION = YES;
				CLANG_WARN_CONSTANT_CONVERSION = YES;
				CLANG_WARN_DIRECT_OBJC_ISA_USAGE = YES_ERROR;
				CLANG_WARN_EMPTY_BODY = YES;
				CLANG_WARN_ENUM_CONVERSION = YES;
				CLANG_WARN_INFINITE_RECURSION = YES;
				CLANG_WARN_INT_CONVERSION = YES;
				CLANG_WARN_OBJC_ROOT_CLASS = YES_ERROR;
				CLANG_WARN_SUSPICIOUS_MOVE = YES;
				CLANG_WARN_UNREACHABLE_CODE = YES;
				CLANG_WARN__DUPLICATE_METHOD_MATCH = YES;
				"CODE_SIGN_IDENTITY[sdk=iphoneos*]" = "iPhone Developer";
				COPY_PHASE_STRIP = NO;
				DEBUG_INFORMATION_FORMAT = "dwarf-with-dsym";
				ENABLE_STRICT_OBJC_MSGSEND = YES;
				ENABLE_TESTABILITY = YES;
				GCC_C_LANGUAGE_STANDARD = gnu99;
				GCC_DYNAMIC_NO_PIC = NO;
				GCC_NO_COMMON_BLOCKS = YES;
				GCC_OPTIMIZATION_LEVEL = 0;
				GCC_PREPROCESSOR_DEFINITIONS = (
					"DEBUG=1",
					"$(inherited)",
				);
				GCC_SYMBOLS_PRIVATE_EXTERN = NO;
				GCC_WARN_64_TO_32_BIT_CONVERSION = YES;
				GCC_WARN_ABOUT_RETURN_TYPE = YES_ERROR;
				GCC_WARN_UNDECLARED_SELECTOR = YES;
				GCC_WARN_UNINITIALIZED_AUTOS = YES_AGGRESSIVE;
				GCC_WARN_UNUSED_FUNCTION = YES;
				GCC_WARN_UNUSED_VARIABLE = YES;
				IPHONEOS_DEPLOYMENT_TARGET = 8.4;
				MTL_ENABLE_DEBUG_INFO = YES;
				ONLY_ACTIVE_ARCH = YES;
				SDKROOT = iphoneos;
				SWIFT_OPTIMIZATION_LEVEL = "-Onone";
				TARGETED_DEVICE_FAMILY = "1,2";
			};
			name = Debug;
		};
		6F72B0F41B6A8EBA0068287A /* Release */ = {
			isa = XCBuildConfiguration;
			buildSettings = {
				ALWAYS_SEARCH_USER_PATHS = NO;
				CLANG_CXX_LANGUAGE_STANDARD = "gnu++0x";
				CLANG_CXX_LIBRARY = "libc++";
				CLANG_ENABLE_MODULES = YES;
				CLANG_ENABLE_OBJC_ARC = YES;
				CLANG_WARN_BOOL_CONVERSION = YES;
				CLANG_WARN_CONSTANT_CONVERSION = YES;
				CLANG_WARN_DIRECT_OBJC_ISA_USAGE = YES_ERROR;
				CLANG_WARN_EMPTY_BODY = YES;
				CLANG_WARN_ENUM_CONVERSION = YES;
				CLANG_WARN_INFINITE_RECURSION = YES;
				CLANG_WARN_INT_CONVERSION = YES;
				CLANG_WARN_OBJC_ROOT_CLASS = YES_ERROR;
				CLANG_WARN_SUSPICIOUS_MOVE = YES;
				CLANG_WARN_UNREACHABLE_CODE = YES;
				CLANG_WARN__DUPLICATE_METHOD_MATCH = YES;
				"CODE_SIGN_IDENTITY[sdk=iphoneos*]" = "iPhone Developer";
				COPY_PHASE_STRIP = NO;
				DEBUG_INFORMATION_FORMAT = "dwarf-with-dsym";
				ENABLE_NS_ASSERTIONS = NO;
				ENABLE_STRICT_OBJC_MSGSEND = YES;
				GCC_C_LANGUAGE_STANDARD = gnu99;
				GCC_NO_COMMON_BLOCKS = YES;
				GCC_WARN_64_TO_32_BIT_CONVERSION = YES;
				GCC_WARN_ABOUT_RETURN_TYPE = YES_ERROR;
				GCC_WARN_UNDECLARED_SELECTOR = YES;
				GCC_WARN_UNINITIALIZED_AUTOS = YES_AGGRESSIVE;
				GCC_WARN_UNUSED_FUNCTION = YES;
				GCC_WARN_UNUSED_VARIABLE = YES;
				IPHONEOS_DEPLOYMENT_TARGET = 8.4;
				MTL_ENABLE_DEBUG_INFO = NO;
				SDKROOT = iphoneos;
				SWIFT_OPTIMIZATION_LEVEL = "-Owholemodule";
				TARGETED_DEVICE_FAMILY = "1,2";
				VALIDATE_PRODUCT = YES;
			};
			name = Release;
		};
		6F72B0F61B6A8EBA0068287A /* Debug */ = {
			isa = XCBuildConfiguration;
			buildSettings = {
				ASSETCATALOG_COMPILER_APPICON_NAME = AppIcon;
				INFOPLIST_FILE = "Crypto JS/Info.plist";
				LD_RUNPATH_SEARCH_PATHS = "$(inherited) @executable_path/Frameworks";
				PRODUCT_BUNDLE_IDENTIFIER = "emartin.$(PRODUCT_NAME:rfc1034identifier)";
				PRODUCT_NAME = "$(TARGET_NAME)";
				SWIFT_VERSION = 3.0;
			};
			name = Debug;
		};
		6F72B0F71B6A8EBA0068287A /* Release */ = {
			isa = XCBuildConfiguration;
			buildSettings = {
				ASSETCATALOG_COMPILER_APPICON_NAME = AppIcon;
				INFOPLIST_FILE = "Crypto JS/Info.plist";
				LD_RUNPATH_SEARCH_PATHS = "$(inherited) @executable_path/Frameworks";
				PRODUCT_BUNDLE_IDENTIFIER = "emartin.$(PRODUCT_NAME:rfc1034identifier)";
				PRODUCT_NAME = "$(TARGET_NAME)";
				SWIFT_VERSION = 3.0;
			};
			name = Release;
		};
/* End XCBuildConfiguration section */

/* Begin XCConfigurationList section */
		6F72B0D11B6A8EBA0068287A /* Build configuration list for PBXProject "Crypto JS" */ = {
			isa = XCConfigurationList;
			buildConfigurations = (
				6F72B0F31B6A8EBA0068287A /* Debug */,
				6F72B0F41B6A8EBA0068287A /* Release */,
			);
			defaultConfigurationIsVisible = 0;
			defaultConfigurationName = Release;
		};
		6F72B0F51B6A8EBA0068287A /* Build configuration list for PBXNativeTarget "Crypto JS" */ = {
			isa = XCConfigurationList;
			buildConfigurations = (
				6F72B0F61B6A8EBA0068287A /* Debug */,
				6F72B0F71B6A8EBA0068287A /* Release */,
			);
			defaultConfigurationIsVisible = 0;
			defaultConfigurationName = Release;
		};
/* End XCConfigurationList section */
	};
	rootObject = 6F72B0CE1B6A8EBA0068287A /* Project object */;
}
